
Microsoft Visual Studio Solution File, Format Version 11.00
# Visual Studio 2010
Project("{FAE04EC0-301F-11D3-BF4B-00C04F79EFBC}") = "VRTAJMAHAL", "Assembly-CSharp.csproj", "{30DAC935-6260-4C0A-A63D-8DFA09B40775}"
EndProject
Project("{FAE04EC0-301F-11D3-BF4B-00C04F79EFBC}") = "VRTAJMAHAL", "Assembly-CSharp-Editor.csproj", "{07010C50-9812-4B26-7FC1-4BAC53B71F94}"
EndProject
Global
	GlobalSection(SolutionConfigurationPlatforms) = preSolution
		Debug|Any CPU = Debug|Any CPU
		Release|Any CPU = Release|Any CPU
	EndGlobalSection
	GlobalSection(ProjectConfigurationPlatforms) = postSolution
		{30DAC935-6260-4C0A-A63D-8DFA09B40775}.Debug|Any CPU.ActiveCfg = Debug|Any CPU
		{30DAC935-6260-4C0A-A63D-8DFA09B40775}.Debug|Any CPU.Build.0 = Debug|Any CPU
		{30DAC935-6260-4C0A-A63D-8DFA09B40775}.Release|Any CPU.ActiveCfg = Release|Any CPU
		{30DAC935-6260-4C0A-A63D-8DFA09B40775}.Release|Any CPU.Build.0 = Release|Any CPU
		{07010C50-9812-4B26-7FC1-4BAC53B71F94}.Debug|Any CPU.ActiveCfg = Debug|Any CPU
		{07010C50-9812-4B26-7FC1-4BAC53B71F94}.Debug|Any CPU.Build.0 = Debug|Any CPU
		{07010C50-9812-4B26-7FC1-4BAC53B71F94}.Release|Any CPU.ActiveCfg = Release|Any CPU
		{07010C50-9812-4B26-7FC1-4BAC53B71F94}.Release|Any CPU.Build.0 = Release|Any CPU
	EndGlobalSection
	GlobalSection(SolutionProperties) = preSolution
		HideSolutionNode = FALSE
	EndGlobalSection
	GlobalSection(MonoDevelopProperties) = preSolution
		StartupItem = Assembly-CSharp.csproj
	EndGlobalSection
EndGlobal
